
Microsoft Visual Studio Solution File, Format Version 12.00
# Visual Studio Version 17
VisualStudioVersion = 17.3.32819.101
MinimumVisualStudioVersion = 10.0.40219.1
Project("{8BC9CEB8-8B4A-11D0-8D11-00A0C91BC942}") = "pong-raylib", "pong-raylib.vcxproj", "{27EA8CA3-8678-43BD-9099-73CDC4C07F51}"
EndProject
Global
	GlobalSection(SolutionConfigurationPlatforms) = preSolution
		Debug|x64 = Debug|x64
		Debug|x86 = Debug|x86
		Release|x64 = Release|x64
		Release|x86 = Release|x86
	EndGlobalSection
	GlobalSection(ProjectConfigurationPlatforms) = postSolution
		{27EA8CA3-8678-43BD-9099-73CDC4C07F51}.Debug|x64.ActiveCfg = Debug|x64
		{27EA8CA3-8678-43BD-9099-73CDC4C07F51}.Debug|x64.Build.0 = Debug|x64
		{27EA8CA3-8678-43BD-9099-73CDC4C07F51}.Debug|x86.ActiveCfg = Debug|Win32
		{27EA8CA3-8678-43BD-9099-73CDC4C07F51}.Debug|x86.Build.0 = Debug|Win32
		{27EA8CA3-8678-43BD-9099-73CDC4C07F51}.Release|x64.ActiveCfg = Release|x64
		{27EA8CA3-8678-43BD-9099-73CDC4C07F51}.Release|x64.Build.0 = Release|x64
		{27EA8CA3-8678-43BD-9099-73CDC4C07F51}.Release|x86.ActiveCfg = Release|Win32
		{27EA8CA3-8678-43BD-9099-73CDC4C07F51}.Release|x86.Build.0 = Release|Win32
	EndGlobalSection
	GlobalSection(SolutionProperties) = preSolution
		HideSolutionNode = FALSE
	EndGlobalSection
	GlobalSection(ExtensibilityGlobals) = postSolution
		SolutionGuid = {1B2F6B12-15F7-41AE-BEEF-319E12206413}
	EndGlobalSection
EndGlobal
